<Solution>
  <Project Path="Eejercicio 1/Eejercicio 1.csproj" />
  <Project Path="ejercicio 2/ejercicio 2.csproj" Id="08ffcc68-3915-4e8f-8169-c0f01a05bd06" />
  <Project Path="ejercicio 3/ejercicio 3.csproj" Id="6fbe7cf0-fa05-4e3e-b3b9-d7889e72afca" />
  <Project Path="ejercicio 4/ejercicio 4.csproj" Id="daaa3f6c-2507-4d52-8131-94d388c630f4" />
  <Project Path="ejercicio 5/ejercicio 5.csproj" Id="40815f77-a178-4bfd-b281-154e2d89c5ea" />
</Solution>
